
Microsoft Visual Studio Solution File, Format Version 12.00
# Visual Studio Version 16
VisualStudioVersion = 16.0.29123.88
MinimumVisualStudioVersion = 10.0.40219.1
Project("{FAE04EC0-301F-11D3-BF4B-00C04F79EFBC}") = "DeepRim", "DeepRim.csproj", "{C22F0EBC-5056-4D3A-9B54-245739527A4C}"
EndProject
Global
	GlobalSection(SolutionConfigurationPlatforms) = preSolution
		Debug|Any CPU = Debug|Any CPU
		Release|Any CPU = Release|Any CPU
	EndGlobalSection
	GlobalSection(ProjectConfigurationPlatforms) = postSolution
		{C22F0EBC-5056-4D3A-9B54-245739527A4C}.Debug|Any CPU.ActiveCfg = Debug|Any CPU
		{C22F0EBC-5056-4D3A-9B54-245739527A4C}.Debug|Any CPU.Build.0 = Debug|Any CPU
		{C22F0EBC-5056-4D3A-9B54-245739527A4C}.Release|Any CPU.ActiveCfg = Release|Any CPU
		{C22F0EBC-5056-4D3A-9B54-245739527A4C}.Release|Any CPU.Build.0 = Release|Any CPU
	EndGlobalSection
	GlobalSection(SolutionProperties) = preSolution
		HideSolutionNode = FALSE
	EndGlobalSection
	GlobalSection(ExtensibilityGlobals) = postSolution
		SolutionGuid = {0F530A28-8C3F-4BE2-A494-57A0EA9A6804}
	EndGlobalSection
EndGlobal
