
Microsoft Visual Studio Solution File, Format Version 12.00
# Visual Studio Version 16
VisualStudioVersion = 16.0.31424.327
MinimumVisualStudioVersion = 10.0.40219.1
Project("{FAE04EC0-301F-11D3-BF4B-00C04F79EFBC}") = "PPC Plugin", "PPC Plugin\PPC Plugin.csproj", "{047CBF0F-1191-457F-A6BC-C884E52E32EE}"
EndProject
Global
	GlobalSection(SolutionConfigurationPlatforms) = preSolution
		Debug|Any CPU = Debug|Any CPU
		Release|Any CPU = Release|Any CPU
	EndGlobalSection
	GlobalSection(ProjectConfigurationPlatforms) = postSolution
		{047CBF0F-1191-457F-A6BC-C884E52E32EE}.Debug|Any CPU.ActiveCfg = Debug|Any CPU
		{047CBF0F-1191-457F-A6BC-C884E52E32EE}.Debug|Any CPU.Build.0 = Debug|Any CPU
		{047CBF0F-1191-457F-A6BC-C884E52E32EE}.Release|Any CPU.ActiveCfg = Release|Any CPU
		{047CBF0F-1191-457F-A6BC-C884E52E32EE}.Release|Any CPU.Build.0 = Release|Any CPU
	EndGlobalSection
	GlobalSection(SolutionProperties) = preSolution
		HideSolutionNode = FALSE
	EndGlobalSection
	GlobalSection(ExtensibilityGlobals) = postSolution
		SolutionGuid = {D935C9BD-3186-4B5F-A66D-FAE003E00E7B}
	EndGlobalSection
EndGlobal
